
Microsoft Visual Studio Solution File, Format Version 12.00
# Visual Studio Version 17
VisualStudioVersion = 17.5.33424.131
MinimumVisualStudioVersion = 10.0.40219.1
Project("{9A19103F-16F7-4668-BE54-9A1E7A4F7556}") = "DFD", "DFD\DFD.csproj", "{3A3CCF66-CF2A-46CF-9625-4A91A0836C91}"
EndProject
Project("{9A19103F-16F7-4668-BE54-9A1E7A4F7556}") = "DFD.Parsing", "DFD.Interpreter\DFD.Parsing.csproj", "{070065E6-8A09-4B1E-80E8-64AD4AB23BC7}"
EndProject
Project("{9A19103F-16F7-4668-BE54-9A1E7A4F7556}") = "DFD.Model", "DFD.Model\DFD.Model.csproj", "{0F47A0FE-673F-40B8-97EB-BDD4E9E78470}"
EndProject
Project("{9A19103F-16F7-4668-BE54-9A1E7A4F7556}") = "DFD.Vizualizer", "DFD.Vizualizer\DFD.Vizualizer.csproj", "{A0AAED23-F005-4A1F-A8F8-46209E915019}"
EndProject
Project("{9A19103F-16F7-4668-BE54-9A1E7A4F7556}") = "DFD.GraphvizConverter", "DFD.GraphvizConverter\DFD.GraphvizConverter.csproj", "{8C571271-B20C-4F35-BF13-D4A2679727A9}"
EndProject
Project("{9A19103F-16F7-4668-BE54-9A1E7A4F7556}") = "DFD.ViewModel", "DFD.ViewModel\DFD.ViewModel.csproj", "{017768D7-D228-4EBF-8768-5D6313B7F181}"
EndProject
Project("{9A19103F-16F7-4668-BE54-9A1E7A4F7556}") = "DataStructure.NamedTree", "DataStructure.NamedTree\DataStructure.NamedTree.csproj", "{3E7D7464-F60D-4CD8-B4B0-31B4C2B1D950}"
EndProject
Project("{9A19103F-16F7-4668-BE54-9A1E7A4F7556}") = "DFD.ModelImplementations", "DFD.ModelImplementations\DFD.ModelImplementations.csproj", "{4F4198D2-26AA-4281-AC28-BEA4F32A4753}"
EndProject
Project("{9A19103F-16F7-4668-BE54-9A1E7A4F7556}") = "DFD.GraphConverter", "DFD.GraphConverter\DFD.GraphConverter.csproj", "{5571C7FB-0B14-4D2C-B5FE-9C979D390FD6}"
EndProject
Global
	GlobalSection(SolutionConfigurationPlatforms) = preSolution
		Debug|Any CPU = Debug|Any CPU
		Release|Any CPU = Release|Any CPU
	EndGlobalSection
	GlobalSection(ProjectConfigurationPlatforms) = postSolution
		{3A3CCF66-CF2A-46CF-9625-4A91A0836C91}.Debug|Any CPU.ActiveCfg = Debug|Any CPU
		{3A3CCF66-CF2A-46CF-9625-4A91A0836C91}.Debug|Any CPU.Build.0 = Debug|Any CPU
		{3A3CCF66-CF2A-46CF-9625-4A91A0836C91}.Release|Any CPU.ActiveCfg = Release|Any CPU
		{3A3CCF66-CF2A-46CF-9625-4A91A0836C91}.Release|Any CPU.Build.0 = Release|Any CPU
		{070065E6-8A09-4B1E-80E8-64AD4AB23BC7}.Debug|Any CPU.ActiveCfg = Debug|Any CPU
		{070065E6-8A09-4B1E-80E8-64AD4AB23BC7}.Debug|Any CPU.Build.0 = Debug|Any CPU
		{070065E6-8A09-4B1E-80E8-64AD4AB23BC7}.Release|Any CPU.ActiveCfg = Release|Any CPU
		{070065E6-8A09-4B1E-80E8-64AD4AB23BC7}.Release|Any CPU.Build.0 = Release|Any CPU
		{0F47A0FE-673F-40B8-97EB-BDD4E9E78470}.Debug|Any CPU.ActiveCfg = Debug|Any CPU
		{0F47A0FE-673F-40B8-97EB-BDD4E9E78470}.Debug|Any CPU.Build.0 = Debug|Any CPU
		{0F47A0FE-673F-40B8-97EB-BDD4E9E78470}.Release|Any CPU.ActiveCfg = Release|Any CPU
		{0F47A0FE-673F-40B8-97EB-BDD4E9E78470}.Release|Any CPU.Build.0 = Release|Any CPU
		{A0AAED23-F005-4A1F-A8F8-46209E915019}.Debug|Any CPU.ActiveCfg = Debug|Any CPU
		{A0AAED23-F005-4A1F-A8F8-46209E915019}.Debug|Any CPU.Build.0 = Debug|Any CPU
		{A0AAED23-F005-4A1F-A8F8-46209E915019}.Release|Any CPU.ActiveCfg = Release|Any CPU
		{A0AAED23-F005-4A1F-A8F8-46209E915019}.Release|Any CPU.Build.0 = Release|Any CPU
		{8C571271-B20C-4F35-BF13-D4A2679727A9}.Debug|Any CPU.ActiveCfg = Debug|Any CPU
		{8C571271-B20C-4F35-BF13-D4A2679727A9}.Debug|Any CPU.Build.0 = Debug|Any CPU
		{8C571271-B20C-4F35-BF13-D4A2679727A9}.Release|Any CPU.ActiveCfg = Release|Any CPU
		{8C571271-B20C-4F35-BF13-D4A2679727A9}.Release|Any CPU.Build.0 = Release|Any CPU
		{017768D7-D228-4EBF-8768-5D6313B7F181}.Debug|Any CPU.ActiveCfg = Debug|Any CPU
		{017768D7-D228-4EBF-8768-5D6313B7F181}.Debug|Any CPU.Build.0 = Debug|Any CPU
		{017768D7-D228-4EBF-8768-5D6313B7F181}.Release|Any CPU.ActiveCfg = Release|Any CPU
		{017768D7-D228-4EBF-8768-5D6313B7F181}.Release|Any CPU.Build.0 = Release|Any CPU
		{3E7D7464-F60D-4CD8-B4B0-31B4C2B1D950}.Debug|Any CPU.ActiveCfg = Debug|Any CPU
		{3E7D7464-F60D-4CD8-B4B0-31B4C2B1D950}.Debug|Any CPU.Build.0 = Debug|Any CPU
		{3E7D7464-F60D-4CD8-B4B0-31B4C2B1D950}.Release|Any CPU.ActiveCfg = Release|Any CPU
		{3E7D7464-F60D-4CD8-B4B0-31B4C2B1D950}.Release|Any CPU.Build.0 = Release|Any CPU
		{4F4198D2-26AA-4281-AC28-BEA4F32A4753}.Debug|Any CPU.ActiveCfg = Debug|Any CPU
		{4F4198D2-26AA-4281-AC28-BEA4F32A4753}.Debug|Any CPU.Build.0 = Debug|Any CPU
		{4F4198D2-26AA-4281-AC28-BEA4F32A4753}.Release|Any CPU.ActiveCfg = Release|Any CPU
		{4F4198D2-26AA-4281-AC28-BEA4F32A4753}.Release|Any CPU.Build.0 = Release|Any CPU
		{5571C7FB-0B14-4D2C-B5FE-9C979D390FD6}.Debug|Any CPU.ActiveCfg = Debug|Any CPU
		{5571C7FB-0B14-4D2C-B5FE-9C979D390FD6}.Debug|Any CPU.Build.0 = Debug|Any CPU
		{5571C7FB-0B14-4D2C-B5FE-9C979D390FD6}.Release|Any CPU.ActiveCfg = Release|Any CPU
		{5571C7FB-0B14-4D2C-B5FE-9C979D390FD6}.Release|Any CPU.Build.0 = Release|Any CPU
	EndGlobalSection
	GlobalSection(SolutionProperties) = preSolution
		HideSolutionNode = FALSE
	EndGlobalSection
	GlobalSection(ExtensibilityGlobals) = postSolution
		SolutionGuid = {F96566EA-D5BC-4309-ACB2-0B514B57829B}
	EndGlobalSection
EndGlobal
